
Microsoft Visual Studio Solution File, Format Version 12.00
# Visual Studio Version 16
VisualStudioVersion = 16.0.31424.327
MinimumVisualStudioVersion = 10.0.40219.1
Project("{8BC9CEB8-8B4A-11D0-8D11-00A0C91BC942}") = "GraphsToStudy", "GraphsToStudy\GraphsToStudy.vcxproj", "{295E4253-CC58-4C28-9F5F-45D04F3CFC3F}"
EndProject
Global
	GlobalSection(SolutionConfigurationPlatforms) = preSolution
		Debug|x64 = Debug|x64
		Debug|x86 = Debug|x86
		Release|x64 = Release|x64
		Release|x86 = Release|x86
	EndGlobalSection
	GlobalSection(ProjectConfigurationPlatforms) = postSolution
		{295E4253-CC58-4C28-9F5F-45D04F3CFC3F}.Debug|x64.ActiveCfg = Debug|x64
		{295E4253-CC58-4C28-9F5F-45D04F3CFC3F}.Debug|x64.Build.0 = Debug|x64
		{295E4253-CC58-4C28-9F5F-45D04F3CFC3F}.Debug|x86.ActiveCfg = Debug|Win32
		{295E4253-CC58-4C28-9F5F-45D04F3CFC3F}.Debug|x86.Build.0 = Debug|Win32
		{295E4253-CC58-4C28-9F5F-45D04F3CFC3F}.Release|x64.ActiveCfg = Release|x64
		{295E4253-CC58-4C28-9F5F-45D04F3CFC3F}.Release|x64.Build.0 = Release|x64
		{295E4253-CC58-4C28-9F5F-45D04F3CFC3F}.Release|x86.ActiveCfg = Release|Win32
		{295E4253-CC58-4C28-9F5F-45D04F3CFC3F}.Release|x86.Build.0 = Release|Win32
	EndGlobalSection
	GlobalSection(SolutionProperties) = preSolution
		HideSolutionNode = FALSE
	EndGlobalSection
	GlobalSection(ExtensibilityGlobals) = postSolution
		SolutionGuid = {D3B70B9E-2387-425B-8462-75C7B963F73B}
	EndGlobalSection
EndGlobal
